
Microsoft Visual Studio Solution File, Format Version 12.00
# Visual Studio Version 17
VisualStudioVersion = 17.13.35825.156
MinimumVisualStudioVersion = 10.0.40219.1
Project("{FAE04EC0-301F-11D3-BF4B-00C04F79EFBC}") = "FloralWisdom.Data", "FloralWisdom.Data\FloralWisdom.Data.csproj", "{DCAB3815-E90C-4A75-A837-AF6827B0D4C8}"
EndProject
Project("{FAE04EC0-301F-11D3-BF4B-00C04F79EFBC}") = "FloralWisdom.Models", "FloralWisdom.Models\FloralWisdom.Models.csproj", "{15152F7E-6553-42E9-862F-DD3ECC090CFF}"
EndProject
Project("{FAE04EC0-301F-11D3-BF4B-00C04F79EFBC}") = "FloralWisdom.Services", "FloralWisdom.Services\FloralWisdom.Services.csproj", "{69B4698B-0CE5-49DA-B0C4-9B898380800D}"
EndProject
Project("{FAE04EC0-301F-11D3-BF4B-00C04F79EFBC}") = "FloralWisdom.ConsoleApp", "FloralWisdom.ConsoleApp\FloralWisdom.ConsoleApp.csproj", "{869D5235-C45B-4F9D-A808-24363EC7ABD3}"
EndProject
Project("{FAE04EC0-301F-11D3-BF4B-00C04F79EFBC}") = "FloralWisdom.WebApp", "FloralWisdom.WebApp\FloralWisdom.WebApp.csproj", "{E9F9DDDA-5967-478F-A3A1-BA121E9D743C}"
EndProject
Global
	GlobalSection(SolutionConfigurationPlatforms) = preSolution
		Debug|Any CPU = Debug|Any CPU
		Release|Any CPU = Release|Any CPU
	EndGlobalSection
	GlobalSection(ProjectConfigurationPlatforms) = postSolution
		{DCAB3815-E90C-4A75-A837-AF6827B0D4C8}.Debug|Any CPU.ActiveCfg = Debug|Any CPU
		{DCAB3815-E90C-4A75-A837-AF6827B0D4C8}.Debug|Any CPU.Build.0 = Debug|Any CPU
		{DCAB3815-E90C-4A75-A837-AF6827B0D4C8}.Release|Any CPU.ActiveCfg = Release|Any CPU
		{DCAB3815-E90C-4A75-A837-AF6827B0D4C8}.Release|Any CPU.Build.0 = Release|Any CPU
		{15152F7E-6553-42E9-862F-DD3ECC090CFF}.Debug|Any CPU.ActiveCfg = Debug|Any CPU
		{15152F7E-6553-42E9-862F-DD3ECC090CFF}.Debug|Any CPU.Build.0 = Debug|Any CPU
		{15152F7E-6553-42E9-862F-DD3ECC090CFF}.Release|Any CPU.ActiveCfg = Release|Any CPU
		{15152F7E-6553-42E9-862F-DD3ECC090CFF}.Release|Any CPU.Build.0 = Release|Any CPU
		{69B4698B-0CE5-49DA-B0C4-9B898380800D}.Debug|Any CPU.ActiveCfg = Debug|Any CPU
		{69B4698B-0CE5-49DA-B0C4-9B898380800D}.Debug|Any CPU.Build.0 = Debug|Any CPU
		{69B4698B-0CE5-49DA-B0C4-9B898380800D}.Release|Any CPU.ActiveCfg = Release|Any CPU
		{69B4698B-0CE5-49DA-B0C4-9B898380800D}.Release|Any CPU.Build.0 = Release|Any CPU
		{869D5235-C45B-4F9D-A808-24363EC7ABD3}.Debug|Any CPU.ActiveCfg = Debug|Any CPU
		{869D5235-C45B-4F9D-A808-24363EC7ABD3}.Debug|Any CPU.Build.0 = Debug|Any CPU
		{869D5235-C45B-4F9D-A808-24363EC7ABD3}.Release|Any CPU.ActiveCfg = Release|Any CPU
		{869D5235-C45B-4F9D-A808-24363EC7ABD3}.Release|Any CPU.Build.0 = Release|Any CPU
		{E9F9DDDA-5967-478F-A3A1-BA121E9D743C}.Debug|Any CPU.ActiveCfg = Debug|Any CPU
		{E9F9DDDA-5967-478F-A3A1-BA121E9D743C}.Debug|Any CPU.Build.0 = Debug|Any CPU
		{E9F9DDDA-5967-478F-A3A1-BA121E9D743C}.Release|Any CPU.ActiveCfg = Release|Any CPU
		{E9F9DDDA-5967-478F-A3A1-BA121E9D743C}.Release|Any CPU.Build.0 = Release|Any CPU
	EndGlobalSection
	GlobalSection(SolutionProperties) = preSolution
		HideSolutionNode = FALSE
	EndGlobalSection
	GlobalSection(ExtensibilityGlobals) = postSolution
		SolutionGuid = {ADA2300A-4ED5-4B92-9B27-AA93E3BFED85}
	EndGlobalSection
EndGlobal
